Microsoft Visual Studio Solution File, Format Version 12.00
# Visual Studio Version 17
VisualStudioVersion = 17.5.2.0
MinimumVisualStudioVersion = 10.0.40219.1
Project("{FAE04EC0-301F-11D3-BF4B-00C04F79EFBC}") = "BackChat", "BackChat\BackChat.csproj", "{8E0F6A29-F3FB-E1A6-8F61-D1C6DE193C43}"
EndProject
Global
	GlobalSection(SolutionConfigurationPlatforms) = preSolution
		Debug|Any CPU = Debug|Any CPU
		Release|Any CPU = Release|Any CPU
	EndGlobalSection
	GlobalSection(ProjectConfigurationPlatforms) = postSolution
		{8E0F6A29-F3FB-E1A6-8F61-D1C6DE193C43}.Debug|Any CPU.ActiveCfg = Debug|Any CPU
		{8E0F6A29-F3FB-E1A6-8F61-D1C6DE193C43}.Debug|Any CPU.Build.0 = Debug|Any CPU
		{8E0F6A29-F3FB-E1A6-8F61-D1C6DE193C43}.Release|Any CPU.ActiveCfg = Release|Any CPU
		{8E0F6A29-F3FB-E1A6-8F61-D1C6DE193C43}.Release|Any CPU.Build.0 = Release|Any CPU
	EndGlobalSection
	GlobalSection(SolutionProperties) = preSolution
		HideSolutionNode = FALSE
	EndGlobalSection
	GlobalSection(ExtensibilityGlobals) = postSolution
		SolutionGuid = {C75C7DBD-167A-4680-8852-3C21A8932953}
	EndGlobalSection
EndGlobal
